
Microsoft Visual Studio Solution File, Format Version 12.00
# Visual Studio Version 17
VisualStudioVersion = 17.10.35013.160
MinimumVisualStudioVersion = 10.0.40219.1
Project("{9A19103F-16F7-4668-BE54-9A1E7A4F7556}") = "PassportChecker", "PassportChecker\PassportChecker.csproj", "{A22876E4-5C74-499E-AD5C-F16FA40B93BA}"
EndProject
Project("{9A19103F-16F7-4668-BE54-9A1E7A4F7556}") = "PassportChecker.Tests", "PassportChecker.Tests\PassportChecker.Tests.csproj", "{5CC95D35-71A3-4BBC-BCE5-8F0BC0654E9A}"
EndProject
Project("{E53339B2-1760-4266-BCC7-CA923CBCF16C}") = "docker-compose", "docker-compose.dcproj", "{F1F505CB-8CA0-4DFB-8D65-1FAD2460C145}"
EndProject
Global
	GlobalSection(SolutionConfigurationPlatforms) = preSolution
		Debug|Any CPU = Debug|Any CPU
		Release|Any CPU = Release|Any CPU
	EndGlobalSection
	GlobalSection(ProjectConfigurationPlatforms) = postSolution
		{A22876E4-5C74-499E-AD5C-F16FA40B93BA}.Debug|Any CPU.ActiveCfg = Debug|Any CPU
		{A22876E4-5C74-499E-AD5C-F16FA40B93BA}.Debug|Any CPU.Build.0 = Debug|Any CPU
		{A22876E4-5C74-499E-AD5C-F16FA40B93BA}.Release|Any CPU.ActiveCfg = Release|Any CPU
		{A22876E4-5C74-499E-AD5C-F16FA40B93BA}.Release|Any CPU.Build.0 = Release|Any CPU
		{5CC95D35-71A3-4BBC-BCE5-8F0BC0654E9A}.Debug|Any CPU.ActiveCfg = Debug|Any CPU
		{5CC95D35-71A3-4BBC-BCE5-8F0BC0654E9A}.Debug|Any CPU.Build.0 = Debug|Any CPU
		{5CC95D35-71A3-4BBC-BCE5-8F0BC0654E9A}.Release|Any CPU.ActiveCfg = Release|Any CPU
		{5CC95D35-71A3-4BBC-BCE5-8F0BC0654E9A}.Release|Any CPU.Build.0 = Release|Any CPU
		{F1F505CB-8CA0-4DFB-8D65-1FAD2460C145}.Debug|Any CPU.ActiveCfg = Debug|Any CPU
		{F1F505CB-8CA0-4DFB-8D65-1FAD2460C145}.Debug|Any CPU.Build.0 = Debug|Any CPU
		{F1F505CB-8CA0-4DFB-8D65-1FAD2460C145}.Release|Any CPU.ActiveCfg = Release|Any CPU
		{F1F505CB-8CA0-4DFB-8D65-1FAD2460C145}.Release|Any CPU.Build.0 = Release|Any CPU
	EndGlobalSection
	GlobalSection(SolutionProperties) = preSolution
		HideSolutionNode = FALSE
	EndGlobalSection
	GlobalSection(ExtensibilityGlobals) = postSolution
		SolutionGuid = {90E24E19-0C32-47AD-92A1-5C1A22E920EE}
	EndGlobalSection
EndGlobal
